
Microsoft Visual Studio Solution File, Format Version 12.00
Project("{FAE04EC0-301F-11D3-BF4B-00C04F79EFBC}") = "Esperance.Ngo.FeatureMatching", "Esperance.Ngo.FeatureMatching\Esperance.Ngo.FeatureMatching.csproj", "{9089B7CF-7E43-4938-96E1-306C92FD0DDD}"
EndProject
Global
	GlobalSection(SolutionConfigurationPlatforms) = preSolution
		Debug|Any CPU = Debug|Any CPU
		Release|Any CPU = Release|Any CPU
	EndGlobalSection
	GlobalSection(ProjectConfigurationPlatforms) = postSolution
		{9089B7CF-7E43-4938-96E1-306C92FD0DDD}.Debug|Any CPU.ActiveCfg = Debug|Any CPU
		{9089B7CF-7E43-4938-96E1-306C92FD0DDD}.Debug|Any CPU.Build.0 = Debug|Any CPU
		{9089B7CF-7E43-4938-96E1-306C92FD0DDD}.Release|Any CPU.ActiveCfg = Release|Any CPU
		{9089B7CF-7E43-4938-96E1-306C92FD0DDD}.Release|Any CPU.Build.0 = Release|Any CPU
	EndGlobalSection
EndGlobal
